{
  "name": "react-native-paper-dates",
  "version": "0.9.2",
  "lockfileVersion": 1,
  "requires": true,
  "dependencies": {
    "intl": {
      "version": "1.2.5",
      "resolved": "https://registry.npmjs.org/intl/-/intl-1.2.5.tgz",
      "integrity": "sha512-rK0KcPHeBFBcqsErKSpvZnrOmWOj+EmDkyJ57e90YWaQNqbcivcqmKDlHEeNprDWOsKzPsh1BfSpPQdDvclHVw=="
    }
  }
}
